
Microsoft Visual Studio Solution File, Format Version 12.00
# Visual Studio Version 17
VisualStudioVersion = 17.9.34701.34
MinimumVisualStudioVersion = 10.0.40219.1
Project("{FAE04EC0-301F-11D3-BF4B-00C04F79EFBC}") = "EnumeratedType", "EnumeratedType\EnumeratedType.csproj", "{41C9B8AB-11A6-41BE-86C6-CB4DCCE148E0}"
EndProject
Global
	GlobalSection(SolutionConfigurationPlatforms) = preSolution
		Debug|Any CPU = Debug|Any CPU
		Release|Any CPU = Release|Any CPU
	EndGlobalSection
	GlobalSection(ProjectConfigurationPlatforms) = postSolution
		{41C9B8AB-11A6-41BE-86C6-CB4DCCE148E0}.Debug|Any CPU.ActiveCfg = Debug|Any CPU
		{41C9B8AB-11A6-41BE-86C6-CB4DCCE148E0}.Debug|Any CPU.Build.0 = Debug|Any CPU
		{41C9B8AB-11A6-41BE-86C6-CB4DCCE148E0}.Release|Any CPU.ActiveCfg = Release|Any CPU
		{41C9B8AB-11A6-41BE-86C6-CB4DCCE148E0}.Release|Any CPU.Build.0 = Release|Any CPU
	EndGlobalSection
	GlobalSection(SolutionProperties) = preSolution
		HideSolutionNode = FALSE
	EndGlobalSection
	GlobalSection(ExtensibilityGlobals) = postSolution
		SolutionGuid = {3EAA7C98-7FDC-49C7-914E-68E3C974C0C9}
	EndGlobalSection
EndGlobal
